
Microsoft Visual Studio Solution File, Format Version 12.00
# Visual Studio 15
VisualStudioVersion = 15.0.26124.0
MinimumVisualStudioVersion = 15.0.26124.0
Project("{2150E333-8FDC-42A3-9474-1A3956D46DE8}") = "src", "src", "{94CFE57B-A072-4F3E-8909-6886EC5B9F1C}"
EndProject
Project("{FAE04EC0-301F-11D3-BF4B-00C04F79EFBC}") = "api", "src\api\api.csproj", "{6522AD73-E61A-4FD1-8146-EC7D5D56B243}"
EndProject
Project("{2150E333-8FDC-42A3-9474-1A3956D46DE8}") = "test", "test", "{8C21A13C-718B-42B3-A5AC-181FDB51C83E}"
EndProject
Project("{FAE04EC0-301F-11D3-BF4B-00C04F79EFBC}") = "api.UnitTest", "test\api.UnitTest\api.UnitTest.csproj", "{81D46814-E15C-421E-BCD6-16832AA5CA87}"
EndProject
Global
	GlobalSection(SolutionConfigurationPlatforms) = preSolution
		Debug|Any CPU = Debug|Any CPU
		Debug|x64 = Debug|x64
		Debug|x86 = Debug|x86
		Release|Any CPU = Release|Any CPU
		Release|x64 = Release|x64
		Release|x86 = Release|x86
	EndGlobalSection
	GlobalSection(SolutionProperties) = preSolution
		HideSolutionNode = FALSE
	EndGlobalSection
	GlobalSection(ProjectConfigurationPlatforms) = postSolution
		{6522AD73-E61A-4FD1-8146-EC7D5D56B243}.Debug|Any CPU.ActiveCfg = Debug|Any CPU
		{6522AD73-E61A-4FD1-8146-EC7D5D56B243}.Debug|Any CPU.Build.0 = Debug|Any CPU
		{6522AD73-E61A-4FD1-8146-EC7D5D56B243}.Debug|x64.ActiveCfg = Debug|x64
		{6522AD73-E61A-4FD1-8146-EC7D5D56B243}.Debug|x64.Build.0 = Debug|x64
		{6522AD73-E61A-4FD1-8146-EC7D5D56B243}.Debug|x86.ActiveCfg = Debug|x86
		{6522AD73-E61A-4FD1-8146-EC7D5D56B243}.Debug|x86.Build.0 = Debug|x86
		{6522AD73-E61A-4FD1-8146-EC7D5D56B243}.Release|Any CPU.ActiveCfg = Release|Any CPU
		{6522AD73-E61A-4FD1-8146-EC7D5D56B243}.Release|Any CPU.Build.0 = Release|Any CPU
		{6522AD73-E61A-4FD1-8146-EC7D5D56B243}.Release|x64.ActiveCfg = Release|x64
		{6522AD73-E61A-4FD1-8146-EC7D5D56B243}.Release|x64.Build.0 = Release|x64
		{6522AD73-E61A-4FD1-8146-EC7D5D56B243}.Release|x86.ActiveCfg = Release|x86
		{6522AD73-E61A-4FD1-8146-EC7D5D56B243}.Release|x86.Build.0 = Release|x86
		{81D46814-E15C-421E-BCD6-16832AA5CA87}.Debug|Any CPU.ActiveCfg = Debug|Any CPU
		{81D46814-E15C-421E-BCD6-16832AA5CA87}.Debug|Any CPU.Build.0 = Debug|Any CPU
		{81D46814-E15C-421E-BCD6-16832AA5CA87}.Debug|x64.ActiveCfg = Debug|x64
		{81D46814-E15C-421E-BCD6-16832AA5CA87}.Debug|x64.Build.0 = Debug|x64
		{81D46814-E15C-421E-BCD6-16832AA5CA87}.Debug|x86.ActiveCfg = Debug|x86
		{81D46814-E15C-421E-BCD6-16832AA5CA87}.Debug|x86.Build.0 = Debug|x86
		{81D46814-E15C-421E-BCD6-16832AA5CA87}.Release|Any CPU.ActiveCfg = Release|Any CPU
		{81D46814-E15C-421E-BCD6-16832AA5CA87}.Release|Any CPU.Build.0 = Release|Any CPU
		{81D46814-E15C-421E-BCD6-16832AA5CA87}.Release|x64.ActiveCfg = Release|x64
		{81D46814-E15C-421E-BCD6-16832AA5CA87}.Release|x64.Build.0 = Release|x64
		{81D46814-E15C-421E-BCD6-16832AA5CA87}.Release|x86.ActiveCfg = Release|x86
		{81D46814-E15C-421E-BCD6-16832AA5CA87}.Release|x86.Build.0 = Release|x86
	EndGlobalSection
	GlobalSection(NestedProjects) = preSolution
		{6522AD73-E61A-4FD1-8146-EC7D5D56B243} = {94CFE57B-A072-4F3E-8909-6886EC5B9F1C}
		{81D46814-E15C-421E-BCD6-16832AA5CA87} = {8C21A13C-718B-42B3-A5AC-181FDB51C83E}
	EndGlobalSection
EndGlobal
